
Microsoft Visual Studio Solution File, Format Version 12.00
# Visual Studio 2012
Project("{FAE04EC0-301F-11D3-BF4B-00C04F79EFBC}") = "GitConsole", "GitConsole\GitConsole.csproj", "{BB2BA82F-3043-45D2-BAD1-C31332D8B793}"
EndProject
Project("{FAE04EC0-301F-11D3-BF4B-00C04F79EFBC}") = "OOPSConceptsUT", "OOPSConceptsUT\OOPSConceptsUT.csproj", "{DDDF0E96-C2BE-4314-933A-DD2088F0D6D0}"
EndProject
Global
	GlobalSection(SolutionConfigurationPlatforms) = preSolution
		Debug|Any CPU = Debug|Any CPU
		Release|Any CPU = Release|Any CPU
	EndGlobalSection
	GlobalSection(ProjectConfigurationPlatforms) = postSolution
		{BB2BA82F-3043-45D2-BAD1-C31332D8B793}.Debug|Any CPU.ActiveCfg = Debug|Any CPU
		{BB2BA82F-3043-45D2-BAD1-C31332D8B793}.Debug|Any CPU.Build.0 = Debug|Any CPU
		{BB2BA82F-3043-45D2-BAD1-C31332D8B793}.Release|Any CPU.ActiveCfg = Release|Any CPU
		{BB2BA82F-3043-45D2-BAD1-C31332D8B793}.Release|Any CPU.Build.0 = Release|Any CPU
		{DDDF0E96-C2BE-4314-933A-DD2088F0D6D0}.Debug|Any CPU.ActiveCfg = Debug|Any CPU
		{DDDF0E96-C2BE-4314-933A-DD2088F0D6D0}.Debug|Any CPU.Build.0 = Debug|Any CPU
		{DDDF0E96-C2BE-4314-933A-DD2088F0D6D0}.Release|Any CPU.ActiveCfg = Release|Any CPU
		{DDDF0E96-C2BE-4314-933A-DD2088F0D6D0}.Release|Any CPU.Build.0 = Release|Any CPU
	EndGlobalSection
	GlobalSection(SolutionProperties) = preSolution
		HideSolutionNode = FALSE
	EndGlobalSection
EndGlobal
